
Microsoft Visual Studio Solution File, Format Version 12.00
# Visual Studio Version 17
VisualStudioVersion = 17.14.37301.10 d17.14
MinimumVisualStudioVersion = 10.0.40219.1
Project("{FAE04EC0-301F-11D3-BF4B-00C04F79EFBC}") = "SectionC", "SectionC.csproj", "{4D94AB4C-8B62-4836-A8AC-924E67C83EB9}"
EndProject
Global
	GlobalSection(SolutionConfigurationPlatforms) = preSolution
		Debug|Any CPU = Debug|Any CPU
		Release|Any CPU = Release|Any CPU
	EndGlobalSection
	GlobalSection(ProjectConfigurationPlatforms) = postSolution
		{4D94AB4C-8B62-4836-A8AC-924E67C83EB9}.Debug|Any CPU.ActiveCfg = Debug|Any CPU
		{4D94AB4C-8B62-4836-A8AC-924E67C83EB9}.Debug|Any CPU.Build.0 = Debug|Any CPU
		{4D94AB4C-8B62-4836-A8AC-924E67C83EB9}.Release|Any CPU.ActiveCfg = Release|Any CPU
		{4D94AB4C-8B62-4836-A8AC-924E67C83EB9}.Release|Any CPU.Build.0 = Release|Any CPU
	EndGlobalSection
	GlobalSection(SolutionProperties) = preSolution
		HideSolutionNode = FALSE
	EndGlobalSection
	GlobalSection(ExtensibilityGlobals) = postSolution
		SolutionGuid = {C368A855-3F82-4FD4-9CB1-53A04BA137EB}
	EndGlobalSection
EndGlobal
